
Microsoft Visual Studio Solution File, Format Version 12.00
# Visual Studio Version 17
VisualStudioVersion = 17.14.36717.8 d17.14
MinimumVisualStudioVersion = 10.0.40219.1
Project("{FAE04EC0-301F-11D3-BF4B-00C04F79EFBC}") = "Lab2", "Lab2\Lab2.csproj", "{AF94360B-F4FC-42CB-8317-4CDEAD6DD54C}"
EndProject
Global
	GlobalSection(SolutionConfigurationPlatforms) = preSolution
		Debug|Any CPU = Debug|Any CPU
		Release|Any CPU = Release|Any CPU
	EndGlobalSection
	GlobalSection(ProjectConfigurationPlatforms) = postSolution
		{AF94360B-F4FC-42CB-8317-4CDEAD6DD54C}.Debug|Any CPU.ActiveCfg = Debug|Any CPU
		{AF94360B-F4FC-42CB-8317-4CDEAD6DD54C}.Debug|Any CPU.Build.0 = Debug|Any CPU
		{AF94360B-F4FC-42CB-8317-4CDEAD6DD54C}.Release|Any CPU.ActiveCfg = Release|Any CPU
		{AF94360B-F4FC-42CB-8317-4CDEAD6DD54C}.Release|Any CPU.Build.0 = Release|Any CPU
	EndGlobalSection
	GlobalSection(SolutionProperties) = preSolution
		HideSolutionNode = FALSE
	EndGlobalSection
	GlobalSection(ExtensibilityGlobals) = postSolution
		SolutionGuid = {EAB8F2E3-2BB8-42EA-A350-098F5280C941}
	EndGlobalSection
EndGlobal
